PODS:
  - Alamofire (4.7.2)
  - SVProgressHUD (2.2.5)
  - SwiftyJSON (3.1.4)

DEPENDENCIES:
  - Alamofire
  - SVProgressHUD
  - SwiftyJSON (= 3.1.4)

SPEC REPOS:
  https://github.com/CocoaPods/Specs.git:
    - Alamofire
    - SVProgressHUD
    - SwiftyJSON

SPEC CHECKSUMS:
  Alamofire: e4fa87002c137ba2d8d634d2c51fabcda0d5c223
  SVProgressHUD: 1428aafac632c1f86f62aa4243ec12008d7a51d6
  SwiftyJSON: c2842d878f95482ffceec5709abc3d05680c0220

PODFILE CHECKSUM: 9db79b7a4abab9a597dde017659512f1cbbd53a5

COCOAPODS: 1.5.0
